// !$*UTF8*$!
{
	archiveVersion = 1;
	classes = {
	};
	objectVersion = 51;
	objects = {

/* Begin PBXBuildFile section */
		62C0048996966649FC0ACEA6 /* Pods_BMOApp.framework in Frameworks */ = {isa = PBXBuildFile; fileRef = 4A782FB73408DCDCA1F8457B /* Pods_BMOApp.framework */; };
		AE131E68241BC78B00DB615E /* AppDelegate.swift in Sources */ = {isa = PBXBuildFile; fileRef = AE131E67241BC78B00DB615E /* AppDelegate.swift */; };
		AE131E6A241BC78B00DB615E /* SceneDelegate.swift in Sources */ = {isa = PBXBuildFile; fileRef = AE131E69241BC78B00DB615E /* SceneDelegate.swift */; };
		AE131E6C241BC78B00DB615E /* ViewController.swift in Sources */ = {isa = PBXBuildFile; fileRef = AE131E6B241BC78B00DB615E /* ViewController.swift */; };
		AE131E6F241BC78C00DB615E /* Main.storyboard in Resources */ = {isa = PBXBuildFile; fileRef = AE131E6D241BC78C00DB615E /* Main.storyboard */; };
		AE131E71241BC78D00DB615E /* Assets.xcassets in Resources */ = {isa = PBXBuildFile; fileRef = AE131E70241BC78D00DB615E /* Assets.xcassets */; };
		AE131E74241BC78D00DB615E /* LaunchScreen.storyboard in Resources */ = {isa = PBXBuildFile; fileRef = AE131E72241BC78D00DB615E /* LaunchScreen.storyboard */; };
		AE131E7D241CCF0000DB615E /* FirstVC.swift in Sources */ = {isa = PBXBuildFile; fileRef = AE131E7C241CCF0000DB615E /* FirstVC.swift */; };
		AE131E7F241CCF0D00DB615E /* SecondVC.swift in Sources */ = {isa = PBXBuildFile; fileRef = AE131E7E241CCF0D00DB615E /* SecondVC.swift */; };
/* End PBXBuildFile section */

/* Begin PBXFileReference section */
		0891820B468D03820C805A27 /* Pods-BMOApp.debug.xcconfig */ = {isa = PBXFileReference; includeInIndex = 1; lastKnownFileType = text.xcconfig; name = "Pods-BMOApp.debug.xcconfig"; path = "Target Support Files/Pods-BMOApp/Pods-BMOApp.debug.xcconfig"; sourceTree = "<group>"; };
		4A782FB73408DCDCA1F8457B /* Pods_BMOApp.framework */ = {isa = PBXFileReference; explicitFileType = wrapper.framework; includeInIndex = 0; path = Pods_BMOApp.framework; sourceTree = BUILT_PRODUCTS_DIR; };
		AE131E64241BC78B00DB615E /* BMOApp.app */ = {isa = PBXFileReference; explicitFileType = wrapper.application; includeInIndex = 0; path = BMOApp.app; sourceTree = BUILT_PRODUCTS_DIR; };
		AE131E67241BC78B00DB615E /* AppDelegate.swift */ = {isa = PBXFileReference; lastKnownFileType = sourcecode.swift; path = AppDelegate.swift; sourceTree = "<group>"; };
		AE131E69241BC78B00DB615E /* SceneDelegate.swift */ = {isa = PBXFileReference; lastKnownFileType = sourcecode.swift; path = SceneDelegate.swift; sourceTree = "<group>"; };
		AE131E6B241BC78B00DB615E /* ViewController.swift */ = {isa = PBXFileReference; lastKnownFileType = sourcecode.swift; path = ViewController.swift; sourceTree = "<group>"; };
		AE131E6E241BC78C00DB615E /* Base */ = {isa = PBXFileReference; lastKnownFileType = file.storyboard; name = Base; path = Base.lproj/Main.storyboard; sourceTree = "<group>"; };
		AE131E70241BC78D00DB615E /* Assets.xcassets */ = {isa = PBXFileReference; lastKnownFileType = folder.assetcatalog; path = Assets.xcassets; sourceTree = "<group>"; };
		AE131E73241BC78D00DB615E /* Base */ = {isa = PBXFileReference; lastKnownFileType = file.storyboard; name = Base; path = Base.lproj/LaunchScreen.storyboard; sourceTree = "<group>"; };
		AE131E75241BC78D00DB615E /* Info.plist */ = {isa = PBXFileReference; lastKnownFileType = text.plist.xml; path = Info.plist; sourceTree = "<group>"; };
		AE131E7C241CCF0000DB615E /* FirstVC.swift */ = {isa = PBXFileReference; lastKnownFileType = sourcecode.swift; path = FirstVC.swift; sourceTree = "<group>"; };
		AE131E7E241CCF0D00DB615E /* SecondVC.swift */ = {isa = PBXFileReference; lastKnownFileType = sourcecode.swift; path = SecondVC.swift; sourceTree = "<group>"; };
		ECCC4E2CB26CD8D78627D9E8 /* Pods-BMOApp.release.xcconfig */ = {isa = PBXFileReference; includeInIndex = 1; lastKnownFileType = text.xcconfig; name = "Pods-BMOApp.release.xcconfig"; path = "Target Support Files/Pods-BMOApp/Pods-BMOApp.release.xcconfig"; sourceTree = "<group>"; };
/* End PBXFileReference section */

/* Begin PBXFrameworksBuildPhase section */
		AE131E61241BC78B00DB615E /* Frameworks */ = {
			isa = PBXFrameworksBuildPhase;
			buildActionMask = 2147483647;
			files = (
				62C0048996966649FC0ACEA6 /* Pods_BMOApp.framework in Frameworks */,
			);
			runOnlyForDeploymentPostprocessing = 0;
		};
/* End PBXFrameworksBuildPhase section */

/* Begin PBXGroup section */
		7140153142942AEF3DD7B1E1 /* Frameworks */ = {
			isa = PBXGroup;
			children = (
				4A782FB73408DCDCA1F8457B /* Pods_BMOApp.framework */,
			);
			name = Frameworks;
			sourceTree = "<group>";
		};
		794A17CE2092CA60DFEDC22F /* Pods */ = {
			isa = PBXGroup;
			children = (
				0891820B468D03820C805A27 /* Pods-BMOApp.debug.xcconfig */,
				ECCC4E2CB26CD8D78627D9E8 /* Pods-BMOApp.release.xcconfig */,
			);
			path = Pods;
			sourceTree = "<group>";
		};
		AE131E5B241BC78B00DB615E = {
			isa = PBXGroup;
			children = (
				AE131E66241BC78B00DB615E /* BMOApp */,
				AE131E65241BC78B00DB615E /* Products */,
				794A17CE2092CA60DFEDC22F /* Pods */,
				7140153142942AEF3DD7B1E1 /* Frameworks */,
			);
			sourceTree = "<group>";
		};
		AE131E65241BC78B00DB615E /* Products */ = {
			isa = PBXGroup;
			children = (
				AE131E64241BC78B00DB615E /* BMOApp.app */,
			);
			name = Products;
			sourceTree = "<group>";
		};
		AE131E66241BC78B00DB615E /* BMOApp */ = {
			isa = PBXGroup;
			children = (
				AE131E7B241CCEF100DB615E /* VC */,
				AE131E67241BC78B00DB615E /* AppDelegate.swift */,
				AE131E69241BC78B00DB615E /* SceneDelegate.swift */,
				AE131E6B241BC78B00DB615E /* ViewController.swift */,
				AE131E6D241BC78C00DB615E /* Main.storyboard */,
				AE131E70241BC78D00DB615E /* Assets.xcassets */,
				AE131E72241BC78D00DB615E /* LaunchScreen.storyboard */,
				AE131E75241BC78D00DB615E /* Info.plist */,
			);
			path = BMOApp;
			sourceTree = "<group>";
		};
		AE131E7B241CCEF100DB615E /* VC */ = {
			isa = PBXGroup;
			children = (
				AE131E7C241CCF0000DB615E /* FirstVC.swift */,
				AE131E7E241CCF0D00DB615E /* SecondVC.swift */,
			);
			path = VC;
			sourceTree = "<group>";
		};
/* End PBXGroup section */

/* Begin PBXNativeTarget section */
		AE131E63241BC78B00DB615E /* BMOApp */ = {
			isa = PBXNativeTarget;
			buildConfigurationList = AE131E78241BC78D00DB615E /* Build configuration list for PBXNativeTarget "BMOApp" */;
			buildPhases = (
				248F85B914D666571AE5D934 /* [CP] Check Pods Manifest.lock */,
				AE131E60241BC78B00DB615E /* Sources */,
				AE131E61241BC78B00DB615E /* Frameworks */,
				AE131E62241BC78B00DB615E /* Resources */,
				43408FA40023BBF7D222C91E /* [CP] Embed Pods Frameworks */,
			);
			buildRules = (
			);
			dependencies = (
			);
			name = BMOApp;
			productName = BMOApp;
			productReference = AE131E64241BC78B00DB615E /* BMOApp.app */;
			productType = "com.apple.product-type.application";
		};
/* End PBXNativeTarget section */

/* Begin PBXProject section */
		AE131E5C241BC78B00DB615E /* Project object */ = {
			isa = PBXProject;
			attributes = {
				LastSwiftUpdateCheck = 1130;
				LastUpgradeCheck = 1130;
				ORGANIZATIONNAME = rau4o;
				TargetAttributes = {
					AE131E63241BC78B00DB615E = {
						CreatedOnToolsVersion = 11.3.1;
					};
				};
			};
			buildConfigurationList = AE131E5F241BC78B00DB615E /* Build configuration list for PBXProject "BMOApp" */;
			compatibilityVersion = "Xcode 9.3";
			developmentRegion = en;
			hasScannedForEncodings = 0;
			knownRegions = (
				en,
				Base,
			);
			mainGroup = AE131E5B241BC78B00DB615E;
			productRefGroup = AE131E65241BC78B00DB615E /* Products */;
			projectDirPath = "";
			projectRoot = "";
			targets = (
				AE131E63241BC78B00DB615E /* BMOApp */,
			);
		};
/* End PBXProject section */

/* Begin PBXResourcesBuildPhase section */
		AE131E62241BC78B00DB615E /* Resources */ = {
			isa = PBXResourcesBuildPhase;
			buildActionMask = 2147483647;
			files = (
				AE131E74241BC78D00DB615E /* LaunchScreen.storyboard in Resources */,
				AE131E71241BC78D00DB615E /* Assets.xcassets in Resources */,
				AE131E6F241BC78C00DB615E /* Main.storyboard in Resources */,
			);
			runOnlyForDeploymentPostprocessing = 0;
		};
/* End PBXResourcesBuildPhase section */

/* Begin PBXShellScriptBuildPhase section */
		248F85B914D666571AE5D934 /* [CP] Check Pods Manifest.lock */ = {
			isa = PBXShellScriptBuildPhase;
			buildActionMask = 2147483647;
			files = (
			);
			inputFileListPaths = (
			);
			inputPaths = (
				"${PODS_PODFILE_DIR_PATH}/Podfile.lock",
				"${PODS_ROOT}/Manifest.lock",
			);
			name = "[CP] Check Pods Manifest.lock";
			outputFileListPaths = (
			);
			outputPaths = (
				"$(DERIVED_FILE_DIR)/Pods-BMOApp-checkManifestLockResult.txt",
			);
			runOnlyForDeploymentPostprocessing = 0;
			shellPath = /bin/sh;
			shellScript = "diff \"${PODS_PODFILE_DIR_PATH}/Podfile.lock\" \"${PODS_ROOT}/Manifest.lock\" > /dev/null\nif [ $? != 0 ] ; then\n    # print error to STDERR\n    echo \"error: The sandbox is not in sync with the Podfile.lock. Run 'pod install' or update your CocoaPods installation.\" >&2\n    exit 1\nfi\n# This output is used by Xcode 'outputs' to avoid re-running this script phase.\necho \"SUCCESS\" > \"${SCRIPT_OUTPUT_FILE_0}\"\n";
			showEnvVarsInLog = 0;
		};
		43408FA40023BBF7D222C91E /* [CP] Embed Pods Frameworks */ = {
			isa = PBXShellScriptBuildPhase;
			buildActionMask = 2147483647;
			files = (
			);
			inputFileListPaths = (
				"${PODS_ROOT}/Target Support Files/Pods-BMOApp/Pods-BMOApp-frameworks-${CONFIGURATION}-input-files.xcfilelist",
			);
			name = "[CP] Embed Pods Frameworks";
			outputFileListPaths = (
				"${PODS_ROOT}/Target Support Files/Pods-BMOApp/Pods-BMOApp-frameworks-${CONFIGURATION}-output-files.xcfilelist",
			);
			runOnlyForDeploymentPostprocessing = 0;
			shellPath = /bin/sh;
			shellScript = "\"${PODS_ROOT}/Target Support Files/Pods-BMOApp/Pods-BMOApp-frameworks.sh\"\n";
			showEnvVarsInLog = 0;
		};
/* End PBXShellScriptBuildPhase section */

/* Begin PBXSourcesBuildPhase section */
		AE131E60241BC78B00DB615E /* Sources */ = {
			isa = PBXSourcesBuildPhase;
			buildActionMask = 2147483647;
			files = (
				AE131E6C241BC78B00DB615E /* ViewController.swift in Sources */,
				AE131E7F241CCF0D00DB615E /* SecondVC.swift in Sources */,
				AE131E7D241CCF0000DB615E /* FirstVC.swift in Sources */,
				AE131E68241BC78B00DB615E /* AppDelegate.swift in Sources */,
				AE131E6A241BC78B00DB615E /* SceneDelegate.swift in Sources */,
			);
			runOnlyForDeploymentPostprocessing = 0;
		};
/* End PBXSourcesBuildPhase section */

/* Begin PBXVariantGroup section */
		AE131E6D241BC78C00DB615E /* Main.storyboard */ = {
			isa = PBXVariantGroup;
			children = (
				AE131E6E241BC78C00DB615E /* Base */,
			);
			name = Main.storyboard;
			sourceTree = "<group>";
		};
		AE131E72241BC78D00DB615E /* LaunchScreen.storyboard */ = {
			isa = PBXVariantGroup;
			children = (
				AE131E73241BC78D00DB615E /* Base */,
			);
			name = LaunchScreen.storyboard;
			sourceTree = "<group>";
		};
/* End PBXVariantGroup section */

/* Begin XCBuildConfiguration section */
		AE131E76241BC78D00DB615E /* Debug */ = {
			isa = XCBuildConfiguration;
			buildSettings = {
				ALWAYS_SEARCH_USER_PATHS = NO;
				CLANG_ANALYZER_NONNULL = YES;
				CLANG_ANALYZER_NUMBER_OBJECT_CONVERSION = YES_AGGRESSIVE;
				CLANG_CXX_LANGUAGE_STANDARD = "gnu++14";
				CLANG_CXX_LIBRARY = "libc++";
				CLANG_ENABLE_MODULES = YES;
				CLANG_ENABLE_OBJC_ARC = YES;
				CLANG_ENABLE_OBJC_WEAK = YES;
				CLANG_WARN_BLOCK_CAPTURE_AUTORELEASING = YES;
				CLANG_WARN_BOOL_CONVERSION = YES;
				CLANG_WARN_COMMA = YES;
				CLANG_WARN_CONSTANT_CONVERSION = YES;
				CLANG_WARN_DEPRECATED_OBJC_IMPLEMENTATIONS = YES;
				CLANG_WARN_DIRECT_OBJC_ISA_USAGE = YES_ERROR;
				CLANG_WARN_DOCUMENTATION_COMMENTS = YES;
				CLANG_WARN_EMPTY_BODY = YES;
				CLANG_WARN_ENUM_CONVERSION = YES;
				CLANG_WARN_INFINITE_RECURSION = YES;
				CLANG_WARN_INT_CONVERSION = YES;
				CLANG_WARN_NON_LITERAL_NULL_CONVERSION = YES;
				CLANG_WARN_OBJC_IMPLICIT_RETAIN_SELF = YES;
				CLANG_WARN_OBJC_LITERAL_CONVERSION = YES;
				CLANG_WARN_OBJC_ROOT_CLASS = YES_ERROR;
				CLANG_WARN_RANGE_LOOP_ANALYSIS = YES;
				CLANG_WARN_STRICT_PROTOTYPES = YES;
				CLANG_WARN_SUSPICIOUS_MOVE = YES;
				CLANG_WARN_UNGUARDED_AVAILABILITY = YES_AGGRESSIVE;
				CLANG_WARN_UNREACHABLE_CODE = YES;
				CLANG_WARN__DUPLICATE_METHOD_MATCH = YES;
				COPY_PHASE_STRIP = NO;
				DEBUG_INFORMATION_FORMAT = dwarf;
				ENABLE_STRICT_OBJC_MSGSEND = YES;
				ENABLE_TESTABILITY = YES;
				GCC_C_LANGUAGE_STANDARD = gnu11;
				GCC_DYNAMIC_NO_PIC = NO;
				GCC_NO_COMMON_BLOCKS = YES;
				GCC_OPTIMIZATION_LEVEL = 0;
				GCC_PREPROCESSOR_DEFINITIONS = (
					"DEBUG=1",
					"$(inherited)",
				);
				GCC_WARN_64_TO_32_BIT_CONVERSION = YES;
				GCC_WARN_ABOUT_RETURN_TYPE = YES_ERROR;
				GCC_WARN_UNDECLARED_SELECTOR = YES;
				GCC_WARN_UNINITIALIZED_AUTOS = YES_AGGRESSIVE;
				GCC_WARN_UNUSED_FUNCTION = YES;
				GCC_WARN_UNUSED_VARIABLE = YES;
				IPHONEOS_DEPLOYMENT_TARGET = 13.2;
				MTL_ENABLE_DEBUG_INFO = INCLUDE_SOURCE;
				MTL_FAST_MATH = YES;
				ONLY_ACTIVE_ARCH = YES;
				SDKROOT = iphoneos;
				SWIFT_ACTIVE_COMPILATION_CONDITIONS = DEBUG;
				SWIFT_OPTIMIZATION_LEVEL = "-Onone";
			};
			name = Debug;
		};
		AE131E77241BC78D00DB615E /* Release */ = {
			isa = XCBuildConfiguration;
			buildSettings = {
				ALWAYS_SEARCH_USER_PATHS = NO;
				CLANG_ANALYZER_NONNULL = YES;
				CLANG_ANALYZER_NUMBER_OBJECT_CONVERSION = YES_AGGRESSIVE;
				CLANG_CXX_LANGUAGE_STANDARD = "gnu++14";
				CLANG_CXX_LIBRARY = "libc++";
				CLANG_ENABLE_MODULES = YES;
				CLANG_ENABLE_OBJC_ARC = YES;
				CLANG_ENABLE_OBJC_WEAK = YES;
				CLANG_WARN_BLOCK_CAPTURE_AUTORELEASING = YES;
				CLANG_WARN_BOOL_CONVERSION = YES;
				CLANG_WARN_COMMA = YES;
				CLANG_WARN_CONSTANT_CONVERSION = YES;
				CLANG_WARN_DEPRECATED_OBJC_IMPLEMENTATIONS = YES;
				CLANG_WARN_DIRECT_OBJC_ISA_USAGE = YES_ERROR;
				CLANG_WARN_DOCUMENTATION_COMMENTS = YES;
				CLANG_WARN_EMPTY_BODY = YES;
				CLANG_WARN_ENUM_CONVERSION = YES;
				CLANG_WARN_INFINITE_RECURSION = YES;
				CLANG_WARN_INT_CONVERSION = YES;
				CLANG_WARN_NON_LITERAL_NULL_CONVERSION = YES;
				CLANG_WARN_OBJC_IMPLICIT_RETAIN_SELF = YES;
				CLANG_WARN_OBJC_LITERAL_CONVERSION = YES;
				CLANG_WARN_OBJC_ROOT_CLASS = YES_ERROR;
				CLANG_WARN_RANGE_LOOP_ANALYSIS = YES;
				CLANG_WARN_STRICT_PROTOTYPES = YES;
				CLANG_WARN_SUSPICIOUS_MOVE = YES;
				CLANG_WARN_UNGUARDED_AVAILABILITY = YES_AGGRESSIVE;
				CLANG_WARN_UNREACHABLE_CODE = YES;
				CLANG_WARN__DUPLICATE_METHOD_MATCH = YES;
				COPY_PHASE_STRIP = NO;
				DEBUG_INFORMATION_FORMAT = "dwarf-with-dsym";
				ENABLE_NS_ASSERTIONS = NO;
				ENABLE_STRICT_OBJC_MSGSEND = YES;
				GCC_C_LANGUAGE_STANDARD = gnu11;
				GCC_NO_COMMON_BLOCKS = YES;
				GCC_WARN_64_TO_32_BIT_CONVERSION = YES;
				GCC_WARN_ABOUT_RETURN_TYPE = YES_ERROR;
				GCC_WARN_UNDECLARED_SELECTOR = YES;
				GCC_WARN_UNINITIALIZED_AUTOS = YES_AGGRESSIVE;
				GCC_WARN_UNUSED_FUNCTION = YES;
				GCC_WARN_UNUSED_VARIABLE = YES;
				IPHONEOS_DEPLOYMENT_TARGET = 13.2;
				MTL_ENABLE_DEBUG_INFO = NO;
				MTL_FAST_MATH = YES;
				SDKROOT = iphoneos;
				SWIFT_COMPILATION_MODE = wholemodule;
				SWIFT_OPTIMIZATION_LEVEL = "-O";
				VALIDATE_PRODUCT = YES;
			};
			name = Release;
		};
		AE131E79241BC78D00DB615E /* Debug */ = {
			isa = XCBuildConfiguration;
			baseConfigurationReference = 0891820B468D03820C805A27 /* Pods-BMOApp.debug.xcconfig */;
			buildSettings = {
				ASSETCATALOG_COMPILER_APPICON_NAME = AppIcon;
				CODE_SIGN_STYLE = Automatic;
				DEVELOPMENT_TEAM = FATE3AU2ZJ;
				INFOPLIST_FILE = BMOApp/Info.plist;
				LD_RUNPATH_SEARCH_PATHS = (
					"$(inherited)",
					"@executable_path/Frameworks",
				);
				PRODUCT_BUNDLE_IDENTIFIER = APS.BMOApp;
				PRODUCT_NAME = "$(TARGET_NAME)";
				SWIFT_VERSION = 5.0;
				TARGETED_DEVICE_FAMILY = "1,2";
			};
			name = Debug;
		};
		AE131E7A241BC78D00DB615E /* Release */ = {
			isa = XCBuildConfiguration;
			baseConfigurationReference = ECCC4E2CB26CD8D78627D9E8 /* Pods-BMOApp.release.xcconfig */;
			buildSettings = {
				ASSETCATALOG_COMPILER_APPICON_NAME = AppIcon;
				CODE_SIGN_STYLE = Automatic;
				DEVELOPMENT_TEAM = FATE3AU2ZJ;
				INFOPLIST_FILE = BMOApp/Info.plist;
				LD_RUNPATH_SEARCH_PATHS = (
					"$(inherited)",
					"@executable_path/Frameworks",
				);
				PRODUCT_BUNDLE_IDENTIFIER = APS.BMOApp;
				PRODUCT_NAME = "$(TARGET_NAME)";
				SWIFT_VERSION = 5.0;
				TARGETED_DEVICE_FAMILY = "1,2";
			};
			name = Release;
		};
/* End XCBuildConfiguration section */

/* Begin XCConfigurationList section */
		AE131E5F241BC78B00DB615E /* Build configuration list for PBXProject "BMOApp" */ = {
			isa = XCConfigurationList;
			buildConfigurations = (
				AE131E76241BC78D00DB615E /* Debug */,
				AE131E77241BC78D00DB615E /* Release */,
			);
			defaultConfigurationIsVisible = 0;
			defaultConfigurationName = Release;
		};
		AE131E78241BC78D00DB615E /* Build configuration list for PBXNativeTarget "BMOApp" */ = {
			isa = XCConfigurationList;
			buildConfigurations = (
				AE131E79241BC78D00DB615E /* Debug */,
				AE131E7A241BC78D00DB615E /* Release */,
			);
			defaultConfigurationIsVisible = 0;
			defaultConfigurationName = Release;
		};
/* End XCConfigurationList section */
	};
	rootObject = AE131E5C241BC78B00DB615E /* Project object */;
}
